{
  "nodes": {
    "flake-utils": {
      "locked": {
        "lastModified": 1644229661,
        "narHash": "sha256-1YdnJAsNy69bpcjuoKdOYQX0YxZBiCYZo4Twxerqv7k=",
        "owner": "numtide",
        "repo": "flake-utils",
        "rev": "3cecb5b042f7f209c56ffd8371b2711a290ec797",
        "type": "github"
      },
      "original": {
        "owner": "numtide",
        "repo": "flake-utils",
        "type": "github"
      }
    },
    "import-cargo": {
      "locked": {
        "lastModified": 1594305518,
        "narHash": "sha256-frtArgN42rSaEcEOYWg8sVPMUK+Zgch3c+wejcpX3DY=",
        "owner": "edolstra",
        "repo": "import-cargo",
        "rev": "25d40be4a73d40a2572e0cc233b83253554f06c5",
        "type": "github"
      },
      "original": {
        "owner": "edolstra",
        "repo": "import-cargo",
        "type": "github"
      }
    },
    "nixpkgs": {
      "locked": {
        "lastModified": 1645731129,
        "narHash": "sha256-Dnkg392SThgrFtNj7lIpF9MV6P7FPSlibsYErMBYj0U=",
        "owner": "NixOS",
        "repo": "nixpkgs",
        "rev": "8eb44ac8a305d3b003e71bf279b057cdd5ed6c32",
        "type": "github"
      },
      "original": {
        "owner": "NixOS",
        "repo": "nixpkgs",
        "type": "github"
      }
    },
    "root": {
      "inputs": {
        "flake-utils": "flake-utils",
        "import-cargo": "import-cargo",
        "nixpkgs": "nixpkgs"
      }
    }
  },
  "root": "root",
  "version": 7
}
