{
  "nodes": {
    "flake-utils": {
      "locked": {
        "lastModified": 1648297722,
        "narHash": "sha256-W+qlPsiZd8F3XkzXOzAoR+mpFqzm3ekQkJNa+PIh1BQ=",
        "owner": "numtide",
        "repo": "flake-utils",
        "rev": "0f8662f1319ad6abf89b3380dd2722369fc51ade",
        "type": "github"
      },
      "original": {
        "owner": "numtide",
        "repo": "flake-utils",
        "type": "github"
      }
    },
    "import-cargo": {
      "locked": {
        "lastModified": 1594305518,
        "narHash": "sha256-frtArgN42rSaEcEOYWg8sVPMUK+Zgch3c+wejcpX3DY=",
        "owner": "edolstra",
        "repo": "import-cargo",
        "rev": "25d40be4a73d40a2572e0cc233b83253554f06c5",
        "type": "github"
      },
      "original": {
        "owner": "edolstra",
        "repo": "import-cargo",
        "type": "github"
      }
    },
    "nixpkgs": {
      "locked": {
        "lastModified": 1649352661,
        "narHash": "sha256-6IO5W02HKY6pj4uRgStJ2EjIENlpvbb99OlDBBzJMDQ=",
        "owner": "NixOS",
        "repo": "nixpkgs",
        "rev": "2bc410afc423de1fd7ce1d84da9f294eee866b3f",
        "type": "github"
      },
      "original": {
        "owner": "NixOS",
        "repo": "nixpkgs",
        "type": "github"
      }
    },
    "root": {
      "inputs": {
        "flake-utils": "flake-utils",
        "import-cargo": "import-cargo",
        "nixpkgs": "nixpkgs"
      }
    }
  },
  "root": "root",
  "version": 7
}
